// !$*UTF8*$!
{
	archiveVersion = 1;
	classes = {
	};
	objectVersion = 56;
	objects = {

/* Begin PBXBuildFile section */
		5C71641F2C06498600AE62C1 /* Product.swift in Sources */ = {isa = PBXBuildFile; fileRef = 5C71641E2C06498600AE62C1 /* Product.swift */; };
		5C78FBC52BFBB6FD00E8499C /* ItemInfoStickyView.swift in Sources */ = {isa = PBXBuildFile; fileRef = 5C78FBC42BFBB6FD00E8499C /* ItemInfoStickyView.swift */; };
		5C869EAD2BFE6E01007D9521 /* InfoTabBarView.swift in Sources */ = {isa = PBXBuildFile; fileRef = 5C869EAC2BFE6E01007D9521 /* InfoTabBarView.swift */; };
		5C869EAF2BFF4750007D9521 /* GoodsInfoView.swift in Sources */ = {isa = PBXBuildFile; fileRef = 5C869EAE2BFF4750007D9521 /* GoodsInfoView.swift */; };
		5C869EB42BFF86CD007D9521 /* InfoModel.swift in Sources */ = {isa = PBXBuildFile; fileRef = 5C869EB32BFF86CD007D9521 /* InfoModel.swift */; };
		5C869EB62BFFAB50007D9521 /* ItemDataStackViewCell.swift in Sources */ = {isa = PBXBuildFile; fileRef = 5C869EB52BFFAB50007D9521 /* ItemDataStackViewCell.swift */; };
		5C869EB82BFFF149007D9521 /* ProductBenefitView.swift in Sources */ = {isa = PBXBuildFile; fileRef = 5C869EB72BFFF149007D9521 /* ProductBenefitView.swift */; };
		5C869EBA2C005A70007D9521 /* DeliveryInfoView.swift in Sources */ = {isa = PBXBuildFile; fileRef = 5C869EB92C005A70007D9521 /* DeliveryInfoView.swift */; };
		5C869EBC2C007471007D9521 /* ProductImageView.swift in Sources */ = {isa = PBXBuildFile; fileRef = 5C869EBB2C007471007D9521 /* ProductImageView.swift */; };
		5C869EBE2C007B61007D9521 /* StyleCollectionView.swift in Sources */ = {isa = PBXBuildFile; fileRef = 5C869EBD2C007B61007D9521 /* StyleCollectionView.swift */; };
		5C869EC02C007C84007D9521 /* ViewController.swift in Sources */ = {isa = PBXBuildFile; fileRef = 5C869EBF2C007C84007D9521 /* ViewController.swift */; };
		5C869EC22C007CB6007D9521 /* ProductImageCell.swift in Sources */ = {isa = PBXBuildFile; fileRef = 5C869EC12C007CB6007D9521 /* ProductImageCell.swift */; };
		5C869EC42C00A247007D9521 /* StyleTopView.swift in Sources */ = {isa = PBXBuildFile; fileRef = 5C869EC32C00A247007D9521 /* StyleTopView.swift */; };
		5C869EC82C00B775007D9521 /* ForthViewController.swift in Sources */ = {isa = PBXBuildFile; fileRef = 5C869EC72C00B775007D9521 /* ForthViewController.swift */; };
		5C869ECF2C022C56007D9521 /* MoreStyleView.swift in Sources */ = {isa = PBXBuildFile; fileRef = 5C869ECE2C022C56007D9521 /* MoreStyleView.swift */; };
		883A6FE92BFE0E030079D47E /* SomeView.swift in Sources */ = {isa = PBXBuildFile; fileRef = 883A6FE82BFE0E030079D47E /* SomeView.swift */; };
		883A6FEB2BFE0E280079D47E /* SomeViewController.swift in Sources */ = {isa = PBXBuildFile; fileRef = 883A6FEA2BFE0E280079D47E /* SomeViewController.swift */; };
		883A6FED2BFE0E5F0079D47E /* SearchSegmentControlView.swift in Sources */ = {isa = PBXBuildFile; fileRef = 883A6FEC2BFE0E5F0079D47E /* SearchSegmentControlView.swift */; };
		883A6FEF2BFE137A0079D47E /* Divider.swift in Sources */ = {isa = PBXBuildFile; fileRef = 883A6FEE2BFE137A0079D47E /* Divider.swift */; };
		883A6FF12BFE31880079D47E /* PreviewController.swift in Sources */ = {isa = PBXBuildFile; fileRef = 883A6FF02BFE31880079D47E /* PreviewController.swift */; };
		883A6FF32BFE39B90079D47E /* SearchFilterTabsView.swift in Sources */ = {isa = PBXBuildFile; fileRef = 883A6FF22BFE39B90079D47E /* SearchFilterTabsView.swift */; };
		883A6FF52BFE563B0079D47E /* SearchResultListView.swift in Sources */ = {isa = PBXBuildFile; fileRef = 883A6FF42BFE563B0079D47E /* SearchResultListView.swift */; };
		883A6FF92BFE6EB40079D47E /* SearchRelatedListView.swift in Sources */ = {isa = PBXBuildFile; fileRef = 883A6FF82BFE6EB40079D47E /* SearchRelatedListView.swift */; };
		883A6FFB2BFE702B0079D47E /* SearchRelatedCollectionViewCell.swift in Sources */ = {isa = PBXBuildFile; fileRef = 883A6FFA2BFE702B0079D47E /* SearchRelatedCollectionViewCell.swift */; };
		883A6FFD2BFE797F0079D47E /* TopSearchBarView.swift in Sources */ = {isa = PBXBuildFile; fileRef = 883A6FFC2BFE797F0079D47E /* TopSearchBarView.swift */; };
		883A6FFF2BFE7E360079D47E /* SearchResultHeaderView.swift in Sources */ = {isa = PBXBuildFile; fileRef = 883A6FFE2BFE7E360079D47E /* SearchResultHeaderView.swift */; };
		883A70012BFE8AC10079D47E /* SearchResultViewController.swift in Sources */ = {isa = PBXBuildFile; fileRef = 883A70002BFE8AC10079D47E /* SearchResultViewController.swift */; };
		884799532BFFCB2A00CFFA42 /* APIService.swift in Sources */ = {isa = PBXBuildFile; fileRef = 884799522BFFCB2A00CFFA42 /* APIService.swift */; };
		884799552BFFD25900CFFA42 /* KreamTargetType.swift in Sources */ = {isa = PBXBuildFile; fileRef = 884799542BFFD25900CFFA42 /* KreamTargetType.swift */; };
		885F96992BF1B97D003FAF2E /* AppleSDGothicNeo.swift in Sources */ = {isa = PBXBuildFile; fileRef = 885F96982BF1B97D003FAF2E /* AppleSDGothicNeo.swift */; };
		885F96AC2BF1C597003FAF2E /* AppTabBarController.swift in Sources */ = {isa = PBXBuildFile; fileRef = 885F96AB2BF1C597003FAF2E /* AppTabBarController.swift */; };
		885F96AF2BF1D27A003FAF2E /* AppTab.swift in Sources */ = {isa = PBXBuildFile; fileRef = 885F96AE2BF1D27A003FAF2E /* AppTab.swift */; };
		886DD2A42BF18759000F4D7E /* Moya in Frameworks */ = {isa = PBXBuildFile; productRef = 886DD2A32BF18759000F4D7E /* Moya */; };
		886DD2A72BF1876B000F4D7E /* SnapKit in Frameworks */ = {isa = PBXBuildFile; productRef = 886DD2A62BF1876B000F4D7E /* SnapKit */; };
		886DD2AA2BF18777000F4D7E /* Then in Frameworks */ = {isa = PBXBuildFile; productRef = 886DD2A92BF18777000F4D7E /* Then */; };
		886DD2AD2BF187A8000F4D7E /* Kingfisher in Frameworks */ = {isa = PBXBuildFile; productRef = 886DD2AC2BF187A8000F4D7E /* Kingfisher */; };
		886DD2B02BF189D8000F4D7E /* .swiftlint.yml in Resources */ = {isa = PBXBuildFile; fileRef = 886DD2AF2BF189D8000F4D7E /* .swiftlint.yml */; };
		886DD2B92BF198EE000F4D7E /* String+.swift in Sources */ = {isa = PBXBuildFile; fileRef = 886DD2B82BF198EE000F4D7E /* String+.swift */; };
		88B077652BF1804C002142BC /* AppDelegate.swift in Sources */ = {isa = PBXBuildFile; fileRef = 88B077642BF1804C002142BC /* AppDelegate.swift */; };
		88B077672BF1804C002142BC /* SceneDelegate.swift in Sources */ = {isa = PBXBuildFile; fileRef = 88B077662BF1804C002142BC /* SceneDelegate.swift */; };
		88B0776E2BF1804E002142BC /* Assets.xcassets in Resources */ = {isa = PBXBuildFile; fileRef = 88B0776D2BF1804E002142BC /* Assets.xcassets */; };
		88B077712BF1804E002142BC /* Base in Resources */ = {isa = PBXBuildFile; fileRef = 88B077702BF1804E002142BC /* Base */; };
		88E13A362C00A7AC00C4D12A /* JustDroppedView.swift in Sources */ = {isa = PBXBuildFile; fileRef = 88E13A352C00A7AC00C4D12A /* JustDroppedView.swift */; };
		88E13A382C00B20400C4D12A /* ForYouView.swift in Sources */ = {isa = PBXBuildFile; fileRef = 88E13A372C00B20400C4D12A /* ForYouView.swift */; };
		88E13A3A2C00BEF500C4D12A /* ItemCircleInfoCollectionViewCell.swift in Sources */ = {isa = PBXBuildFile; fileRef = 88E13A392C00BEF500C4D12A /* ItemCircleInfoCollectionViewCell.swift */; };
		88E13A3C2C00C10D00C4D12A /* ItemCircleInfoView.swift in Sources */ = {isa = PBXBuildFile; fileRef = 88E13A3B2C00C10D00C4D12A /* ItemCircleInfoView.swift */; };
		88E13A3E2C00C46200C4D12A /* CardInfoCollectionViewCell.swift in Sources */ = {isa = PBXBuildFile; fileRef = 88E13A3D2C00C46200C4D12A /* CardInfoCollectionViewCell.swift */; };
		88E13A402C00C4FF00C4D12A /* CardInfoCollectionView.swift in Sources */ = {isa = PBXBuildFile; fileRef = 88E13A3F2C00C4FF00C4D12A /* CardInfoCollectionView.swift */; };
		88E13A422C00C80700C4D12A /* RecommendationViewController.swift in Sources */ = {isa = PBXBuildFile; fileRef = 88E13A412C00C80700C4D12A /* RecommendationViewController.swift */; };
		88FA86FF2BFBACAF002F3891 /* ItemDetail.swift in Sources */ = {isa = PBXBuildFile; fileRef = 88FA86FE2BFBACAF002F3891 /* ItemDetail.swift */; };
		88FA87012BFBB2E2002F3891 /* ItemDetailCollectionViewCell.swift in Sources */ = {isa = PBXBuildFile; fileRef = 88FA87002BFBB2E2002F3891 /* ItemDetailCollectionViewCell.swift */; };
		88FA87042BFBB32C002F3891 /* ComponentType.swift in Sources */ = {isa = PBXBuildFile; fileRef = 88FA87032BFBB32C002F3891 /* ComponentType.swift */; };
		88FA87092BFBE475002F3891 /* ItemType.swift in Sources */ = {isa = PBXBuildFile; fileRef = 88FA87082BFBE475002F3891 /* ItemType.swift */; };
		88FA870D2BFD06A2002F3891 /* UIFont+.swift in Sources */ = {isa = PBXBuildFile; fileRef = 88FA870C2BFD06A2002F3891 /* UIFont+.swift */; };
		88FA870F2BFD06B2002F3891 /* UIImage+.swift in Sources */ = {isa = PBXBuildFile; fileRef = 88FA870E2BFD06B2002F3891 /* UIImage+.swift */; };
		88FA87112BFD07DF002F3891 /* testViewController.swift in Sources */ = {isa = PBXBuildFile; fileRef = 88FA87102BFD07DF002F3891 /* testViewController.swift */; };
		9E3FBA5C2BFBA6240085B6F1 /* NetworkResult.swift in Sources */ = {isa = PBXBuildFile; fileRef = 9E3FBA5B2BFBA6240085B6F1 /* NetworkResult.swift */; };
		9E3FBA5E2BFBA6AB0085B6F1 /* MoyaLoggingPlugin.swift in Sources */ = {isa = PBXBuildFile; fileRef = 9E3FBA5D2BFBA6AB0085B6F1 /* MoyaLoggingPlugin.swift */; };
		9E3FBA602BFBA71F0085B6F1 /* BaseTargetType.swift in Sources */ = {isa = PBXBuildFile; fileRef = 9E3FBA5F2BFBA71F0085B6F1 /* BaseTargetType.swift */; };
		9E3FBA622BFBA7BA0085B6F1 /* Config.swift in Sources */ = {isa = PBXBuildFile; fileRef = 9E3FBA612BFBA7BA0085B6F1 /* Config.swift */; };
		9E3FBA672BFBADC00085B6F1 /* ProductResponseDTO.swift in Sources */ = {isa = PBXBuildFile; fileRef = 9E3FBA662BFBADC00085B6F1 /* ProductResponseDTO.swift */; };
		9E3FBA692BFBAE270085B6F1 /* DetailProductResponseDTO.swift in Sources */ = {isa = PBXBuildFile; fileRef = 9E3FBA682BFBAE270085B6F1 /* DetailProductResponseDTO.swift */; };
		9E3FBA6B2BFBAE940085B6F1 /* ReleaseProductResponseDTO.swift in Sources */ = {isa = PBXBuildFile; fileRef = 9E3FBA6A2BFBAE940085B6F1 /* ReleaseProductResponseDTO.swift */; };
		9E3FBA6D2BFBAF400085B6F1 /* RecommendProductResponseDTO.swift in Sources */ = {isa = PBXBuildFile; fileRef = 9E3FBA6C2BFBAF400085B6F1 /* RecommendProductResponseDTO.swift */; };
		9E3FBA6F2BFBB09A0085B6F1 /* ScrapResponseDTO.swift in Sources */ = {isa = PBXBuildFile; fileRef = 9E3FBA6E2BFBB09A0085B6F1 /* ScrapResponseDTO.swift */; };
		9E3FBA712BFBB10E0085B6F1 /* ScrapRequestBody.swift in Sources */ = {isa = PBXBuildFile; fileRef = 9E3FBA702BFBB10E0085B6F1 /* ScrapRequestBody.swift */; };
		9E3FBA772BFBBE5F0085B6F1 /* ReleaseInfoPageViewController.swift in Sources */ = {isa = PBXBuildFile; fileRef = 9E3FBA762BFBBE5F0085B6F1 /* ReleaseInfoPageViewController.swift */; };
		9E3FBA792BFBD6BC0085B6F1 /* UITextField+.swift in Sources */ = {isa = PBXBuildFile; fileRef = 9E3FBA782BFBD6BC0085B6F1 /* UITextField+.swift */; };
		9E3FBA7B2BFBD7700085B6F1 /* CustomNavigationView.swift in Sources */ = {isa = PBXBuildFile; fileRef = 9E3FBA7A2BFBD7700085B6F1 /* CustomNavigationView.swift */; };
		9E3FBA7D2BFBDB0B0085B6F1 /* UIView+.swift in Sources */ = {isa = PBXBuildFile; fileRef = 9E3FBA7C2BFBDB0B0085B6F1 /* UIView+.swift */; };
		9E9826A72BFED6DD0063CE8B /* CenterChipScrollView.swift in Sources */ = {isa = PBXBuildFile; fileRef = 9E9826A62BFED6DD0063CE8B /* CenterChipScrollView.swift */; };
		9E9826A92BFF77EA0063CE8B /* ReleaseCollectionViewController.swift in Sources */ = {isa = PBXBuildFile; fileRef = 9E9826A82BFF77EA0063CE8B /* ReleaseCollectionViewController.swift */; };
		9E9826AB2BFF78610063CE8B /* ReleaseCollectionViewCell.swift in Sources */ = {isa = PBXBuildFile; fileRef = 9E9826AA2BFF78610063CE8B /* ReleaseCollectionViewCell.swift */; };
		9E9826AE2BFF7BBF0063CE8B /* ItemModel.swift in Sources */ = {isa = PBXBuildFile; fileRef = 9E9826AD2BFF7BBF0063CE8B /* ItemModel.swift */; };
		9E9826BC2C009F370063CE8B /* TabView.swift in Sources */ = {isa = PBXBuildFile; fileRef = 9E9826BB2C009F370063CE8B /* TabView.swift */; };
		9E9826BE2C00A0090063CE8B /* ScrollFitable.swift in Sources */ = {isa = PBXBuildFile; fileRef = 9E9826BD2C00A0090063CE8B /* ScrollFitable.swift */; };
		9E9826C62C00ABDE0063CE8B /* AnotherScrollView.swift in Sources */ = {isa = PBXBuildFile; fileRef = 9E9826C52C00ABDE0063CE8B /* AnotherScrollView.swift */; };
		9E9826CC2C00BDA90063CE8B /* LuckyDrawCollectionViewCell.swift in Sources */ = {isa = PBXBuildFile; fileRef = 9E9826CB2C00BDA90063CE8B /* LuckyDrawCollectionViewCell.swift */; };
		9E9826CE2C00BDE30063CE8B /* LuckyDrawCollectionViewController.swift in Sources */ = {isa = PBXBuildFile; fileRef = 9E9826CD2C00BDE30063CE8B /* LuckyDrawCollectionViewController.swift */; };
/* End PBXBuildFile section */

/* Begin PBXFileReference section */
		5C71641E2C06498600AE62C1 /* Product.swift */ = {isa = PBXFileReference; lastKnownFileType = sourcecode.swift; path = Product.swift; sourceTree = "<group>"; };
		5C78FBC42BFBB6FD00E8499C /* ItemInfoStickyView.swift */ = {isa = PBXFileReference; lastKnownFileType = sourcecode.swift; path = ItemInfoStickyView.swift; sourceTree = "<group>"; };
		5C869EAC2BFE6E01007D9521 /* InfoTabBarView.swift */ = {isa = PBXFileReference; lastKnownFileType = sourcecode.swift; path = InfoTabBarView.swift; sourceTree = "<group>"; };
		5C869EAE2BFF4750007D9521 /* GoodsInfoView.swift */ = {isa = PBXFileReference; lastKnownFileType = sourcecode.swift; path = GoodsInfoView.swift; sourceTree = "<group>"; };
		5C869EB32BFF86CD007D9521 /* InfoModel.swift */ = {isa = PBXFileReference; lastKnownFileType = sourcecode.swift; path = InfoModel.swift; sourceTree = "<group>"; };
		5C869EB52BFFAB50007D9521 /* ItemDataStackViewCell.swift */ = {isa = PBXFileReference; lastKnownFileType = sourcecode.swift; path = ItemDataStackViewCell.swift; sourceTree = "<group>"; };
		5C869EB72BFFF149007D9521 /* ProductBenefitView.swift */ = {isa = PBXFileReference; lastKnownFileType = sourcecode.swift; path = ProductBenefitView.swift; sourceTree = "<group>"; };
		5C869EB92C005A70007D9521 /* DeliveryInfoView.swift */ = {isa = PBXFileReference; lastKnownFileType = sourcecode.swift; path = DeliveryInfoView.swift; sourceTree = "<group>"; };
		5C869EBB2C007471007D9521 /* ProductImageView.swift */ = {isa = PBXFileReference; lastKnownFileType = sourcecode.swift; path = ProductImageView.swift; sourceTree = "<group>"; };
		5C869EBD2C007B61007D9521 /* StyleCollectionView.swift */ = {isa = PBXFileReference; lastKnownFileType = sourcecode.swift; path = StyleCollectionView.swift; sourceTree = "<group>"; };
		5C869EBF2C007C84007D9521 /* ViewController.swift */ = {isa = PBXFileReference; lastKnownFileType = sourcecode.swift; path = ViewController.swift; sourceTree = "<group>"; };
		5C869EC12C007CB6007D9521 /* ProductImageCell.swift */ = {isa = PBXFileReference; lastKnownFileType = sourcecode.swift; path = ProductImageCell.swift; sourceTree = "<group>"; };
		5C869EC32C00A247007D9521 /* StyleTopView.swift */ = {isa = PBXFileReference; lastKnownFileType = sourcecode.swift; path = StyleTopView.swift; sourceTree = "<group>"; };
		5C869EC72C00B775007D9521 /* ForthViewController.swift */ = {isa = PBXFileReference; lastKnownFileType = sourcecode.swift; path = ForthViewController.swift; sourceTree = "<group>"; };
		5C869ECE2C022C56007D9521 /* MoreStyleView.swift */ = {isa = PBXFileReference; lastKnownFileType = sourcecode.swift; path = MoreStyleView.swift; sourceTree = "<group>"; };
		883A6FE82BFE0E030079D47E /* SomeView.swift */ = {isa = PBXFileReference; lastKnownFileType = sourcecode.swift; path = SomeView.swift; sourceTree = "<group>"; };
		883A6FEA2BFE0E280079D47E /* SomeViewController.swift */ = {isa = PBXFileReference; lastKnownFileType = sourcecode.swift; path = SomeViewController.swift; sourceTree = "<group>"; };
		883A6FEC2BFE0E5F0079D47E /* SearchSegmentControlView.swift */ = {isa = PBXFileReference; lastKnownFileType = sourcecode.swift; path = SearchSegmentControlView.swift; sourceTree = "<group>"; };
		883A6FEE2BFE137A0079D47E /* Divider.swift */ = {isa = PBXFileReference; lastKnownFileType = sourcecode.swift; path = Divider.swift; sourceTree = "<group>"; };
		883A6FF02BFE31880079D47E /* PreviewController.swift */ = {isa = PBXFileReference; lastKnownFileType = sourcecode.swift; path = PreviewController.swift; sourceTree = "<group>"; };
		883A6FF22BFE39B90079D47E /* SearchFilterTabsView.swift */ = {isa = PBXFileReference; lastKnownFileType = sourcecode.swift; path = SearchFilterTabsView.swift; sourceTree = "<group>"; };
		883A6FF42BFE563B0079D47E /* SearchResultListView.swift */ = {isa = PBXFileReference; lastKnownFileType = sourcecode.swift; path = SearchResultListView.swift; sourceTree = "<group>"; };
		883A6FF82BFE6EB40079D47E /* SearchRelatedListView.swift */ = {isa = PBXFileReference; lastKnownFileType = sourcecode.swift; path = SearchRelatedListView.swift; sourceTree = "<group>"; };
		883A6FFA2BFE702B0079D47E /* SearchRelatedCollectionViewCell.swift */ = {isa = PBXFileReference; lastKnownFileType = sourcecode.swift; path = SearchRelatedCollectionViewCell.swift; sourceTree = "<group>"; };
		883A6FFC2BFE797F0079D47E /* TopSearchBarView.swift */ = {isa = PBXFileReference; lastKnownFileType = sourcecode.swift; path = TopSearchBarView.swift; sourceTree = "<group>"; };
		883A6FFE2BFE7E360079D47E /* SearchResultHeaderView.swift */ = {isa = PBXFileReference; lastKnownFileType = sourcecode.swift; path = SearchResultHeaderView.swift; sourceTree = "<group>"; };
		883A70002BFE8AC10079D47E /* SearchResultViewController.swift */ = {isa = PBXFileReference; lastKnownFileType = sourcecode.swift; path = SearchResultViewController.swift; sourceTree = "<group>"; };
		884799522BFFCB2A00CFFA42 /* APIService.swift */ = {isa = PBXFileReference; lastKnownFileType = sourcecode.swift; path = APIService.swift; sourceTree = "<group>"; };
		884799542BFFD25900CFFA42 /* KreamTargetType.swift */ = {isa = PBXFileReference; lastKnownFileType = sourcecode.swift; path = KreamTargetType.swift; sourceTree = "<group>"; };
		885F96982BF1B97D003FAF2E /* AppleSDGothicNeo.swift */ = {isa = PBXFileReference; lastKnownFileType = sourcecode.swift; path = AppleSDGothicNeo.swift; sourceTree = "<group>"; };
		885F96AB2BF1C597003FAF2E /* AppTabBarController.swift */ = {isa = PBXFileReference; lastKnownFileType = sourcecode.swift; path = AppTabBarController.swift; sourceTree = "<group>"; };
		885F96AE2BF1D27A003FAF2E /* AppTab.swift */ = {isa = PBXFileReference; lastKnownFileType = sourcecode.swift; path = AppTab.swift; sourceTree = "<group>"; };
		886DD2AF2BF189D8000F4D7E /* .swiftlint.yml */ = {isa = PBXFileReference; lastKnownFileType = text.yaml; path = .swiftlint.yml; sourceTree = "<group>"; };
		886DD2B82BF198EE000F4D7E /* String+.swift */ = {isa = PBXFileReference; lastKnownFileType = sourcecode.swift; path = "String+.swift"; sourceTree = "<group>"; };
		88B077612BF1804C002142BC /* KREAM.app */ = {isa = PBXFileReference; explicitFileType = wrapper.application; includeInIndex = 0; path = KREAM.app; sourceTree = BUILT_PRODUCTS_DIR; };
		88B077642BF1804C002142BC /* AppDelegate.swift */ = {isa = PBXFileReference; lastKnownFileType = sourcecode.swift; path = AppDelegate.swift; sourceTree = "<group>"; };
		88B077662BF1804C002142BC /* SceneDelegate.swift */ = {isa = PBXFileReference; lastKnownFileType = sourcecode.swift; path = SceneDelegate.swift; sourceTree = "<group>"; };
		88B0776D2BF1804E002142BC /* Assets.xcassets */ = {isa = PBXFileReference; lastKnownFileType = folder.assetcatalog; path = Assets.xcassets; sourceTree = "<group>"; };
		88B077702BF1804E002142BC /* Base */ = {isa = PBXFileReference; lastKnownFileType = file.storyboard; name = Base; path = Base.lproj/LaunchScreen.storyboard; sourceTree = "<group>"; };
		88B077722BF1804E002142BC /* Info.plist */ = {isa = PBXFileReference; lastKnownFileType = text.plist.xml; path = Info.plist; sourceTree = "<group>"; };
		88E13A352C00A7AC00C4D12A /* JustDroppedView.swift */ = {isa = PBXFileReference; lastKnownFileType = sourcecode.swift; path = JustDroppedView.swift; sourceTree = "<group>"; };
		88E13A372C00B20400C4D12A /* ForYouView.swift */ = {isa = PBXFileReference; lastKnownFileType = sourcecode.swift; path = ForYouView.swift; sourceTree = "<group>"; };
		88E13A392C00BEF500C4D12A /* ItemCircleInfoCollectionViewCell.swift */ = {isa = PBXFileReference; lastKnownFileType = sourcecode.swift; path = ItemCircleInfoCollectionViewCell.swift; sourceTree = "<group>"; };
		88E13A3B2C00C10D00C4D12A /* ItemCircleInfoView.swift */ = {isa = PBXFileReference; lastKnownFileType = sourcecode.swift; path = ItemCircleInfoView.swift; sourceTree = "<group>"; };
		88E13A3D2C00C46200C4D12A /* CardInfoCollectionViewCell.swift */ = {isa = PBXFileReference; lastKnownFileType = sourcecode.swift; path = CardInfoCollectionViewCell.swift; sourceTree = "<group>"; };
		88E13A3F2C00C4FF00C4D12A /* CardInfoCollectionView.swift */ = {isa = PBXFileReference; lastKnownFileType = sourcecode.swift; path = CardInfoCollectionView.swift; sourceTree = "<group>"; };
		88E13A412C00C80700C4D12A /* RecommendationViewController.swift */ = {isa = PBXFileReference; lastKnownFileType = sourcecode.swift; path = RecommendationViewController.swift; sourceTree = "<group>"; };
		88FA86FE2BFBACAF002F3891 /* ItemDetail.swift */ = {isa = PBXFileReference; lastKnownFileType = sourcecode.swift; path = ItemDetail.swift; sourceTree = "<group>"; };
		88FA87002BFBB2E2002F3891 /* ItemDetailCollectionViewCell.swift */ = {isa = PBXFileReference; lastKnownFileType = sourcecode.swift; path = ItemDetailCollectionViewCell.swift; sourceTree = "<group>"; };
		88FA87032BFBB32C002F3891 /* ComponentType.swift */ = {isa = PBXFileReference; lastKnownFileType = sourcecode.swift; path = ComponentType.swift; sourceTree = "<group>"; };
		88FA87082BFBE475002F3891 /* ItemType.swift */ = {isa = PBXFileReference; lastKnownFileType = sourcecode.swift; path = ItemType.swift; sourceTree = "<group>"; };
		88FA870C2BFD06A2002F3891 /* UIFont+.swift */ = {isa = PBXFileReference; lastKnownFileType = sourcecode.swift; path = "UIFont+.swift"; sourceTree = "<group>"; };
		88FA870E2BFD06B2002F3891 /* UIImage+.swift */ = {isa = PBXFileReference; lastKnownFileType = sourcecode.swift; path = "UIImage+.swift"; sourceTree = "<group>"; };
		88FA87102BFD07DF002F3891 /* testViewController.swift */ = {isa = PBXFileReference; lastKnownFileType = sourcecode.swift; path = testViewController.swift; sourceTree = "<group>"; };
		9E3FBA5B2BFBA6240085B6F1 /* NetworkResult.swift */ = {isa = PBXFileReference; lastKnownFileType = sourcecode.swift; path = NetworkResult.swift; sourceTree = "<group>"; };
		9E3FBA5D2BFBA6AB0085B6F1 /* MoyaLoggingPlugin.swift */ = {isa = PBXFileReference; lastKnownFileType = sourcecode.swift; path = MoyaLoggingPlugin.swift; sourceTree = "<group>"; };
		9E3FBA5F2BFBA71F0085B6F1 /* BaseTargetType.swift */ = {isa = PBXFileReference; lastKnownFileType = sourcecode.swift; path = BaseTargetType.swift; sourceTree = "<group>"; };
		9E3FBA612BFBA7BA0085B6F1 /* Config.swift */ = {isa = PBXFileReference; lastKnownFileType = sourcecode.swift; path = Config.swift; sourceTree = "<group>"; };
		9E3FBA662BFBADC00085B6F1 /* ProductResponseDTO.swift */ = {isa = PBXFileReference; lastKnownFileType = sourcecode.swift; path = ProductResponseDTO.swift; sourceTree = "<group>"; };
		9E3FBA682BFBAE270085B6F1 /* DetailProductResponseDTO.swift */ = {isa = PBXFileReference; lastKnownFileType = sourcecode.swift; path = DetailProductResponseDTO.swift; sourceTree = "<group>"; };
		9E3FBA6A2BFBAE940085B6F1 /* ReleaseProductResponseDTO.swift */ = {isa = PBXFileReference; lastKnownFileType = sourcecode.swift; path = ReleaseProductResponseDTO.swift; sourceTree = "<group>"; };
		9E3FBA6C2BFBAF400085B6F1 /* RecommendProductResponseDTO.swift */ = {isa = PBXFileReference; lastKnownFileType = sourcecode.swift; path = RecommendProductResponseDTO.swift; sourceTree = "<group>"; };
		9E3FBA6E2BFBB09A0085B6F1 /* ScrapResponseDTO.swift */ = {isa = PBXFileReference; lastKnownFileType = sourcecode.swift; path = ScrapResponseDTO.swift; sourceTree = "<group>"; };
		9E3FBA702BFBB10E0085B6F1 /* ScrapRequestBody.swift */ = {isa = PBXFileReference; lastKnownFileType = sourcecode.swift; path = ScrapRequestBody.swift; sourceTree = "<group>"; };
		9E3FBA762BFBBE5F0085B6F1 /* ReleaseInfoPageViewController.swift */ = {isa = PBXFileReference; lastKnownFileType = sourcecode.swift; path = ReleaseInfoPageViewController.swift; sourceTree = "<group>"; };
		9E3FBA782BFBD6BC0085B6F1 /* UITextField+.swift */ = {isa = PBXFileReference; lastKnownFileType = sourcecode.swift; path = "UITextField+.swift"; sourceTree = "<group>"; };
		9E3FBA7A2BFBD7700085B6F1 /* CustomNavigationView.swift */ = {isa = PBXFileReference; lastKnownFileType = sourcecode.swift; path = CustomNavigationView.swift; sourceTree = "<group>"; };
		9E3FBA7C2BFBDB0B0085B6F1 /* UIView+.swift */ = {isa = PBXFileReference; lastKnownFileType = sourcecode.swift; path = "UIView+.swift"; sourceTree = "<group>"; };
		9E9826A62BFED6DD0063CE8B /* CenterChipScrollView.swift */ = {isa = PBXFileReference; lastKnownFileType = sourcecode.swift; path = CenterChipScrollView.swift; sourceTree = "<group>"; };
		9E9826A82BFF77EA0063CE8B /* ReleaseCollectionViewController.swift */ = {isa = PBXFileReference; lastKnownFileType = sourcecode.swift; path = ReleaseCollectionViewController.swift; sourceTree = "<group>"; };
		9E9826AA2BFF78610063CE8B /* ReleaseCollectionViewCell.swift */ = {isa = PBXFileReference; lastKnownFileType = sourcecode.swift; path = ReleaseCollectionViewCell.swift; sourceTree = "<group>"; };
		9E9826AD2BFF7BBF0063CE8B /* ItemModel.swift */ = {isa = PBXFileReference; lastKnownFileType = sourcecode.swift; path = ItemModel.swift; sourceTree = "<group>"; };
		9E9826BB2C009F370063CE8B /* TabView.swift */ = {isa = PBXFileReference; lastKnownFileType = sourcecode.swift; path = TabView.swift; sourceTree = "<group>"; };
		9E9826BD2C00A0090063CE8B /* ScrollFitable.swift */ = {isa = PBXFileReference; lastKnownFileType = sourcecode.swift; path = ScrollFitable.swift; sourceTree = "<group>"; };
		9E9826C52C00ABDE0063CE8B /* AnotherScrollView.swift */ = {isa = PBXFileReference; lastKnownFileType = sourcecode.swift; path = AnotherScrollView.swift; sourceTree = "<group>"; };
		9E9826CB2C00BDA90063CE8B /* LuckyDrawCollectionViewCell.swift */ = {isa = PBXFileReference; lastKnownFileType = sourcecode.swift; path = LuckyDrawCollectionViewCell.swift; sourceTree = "<group>"; };
		9E9826CD2C00BDE30063CE8B /* LuckyDrawCollectionViewController.swift */ = {isa = PBXFileReference; lastKnownFileType = sourcecode.swift; path = LuckyDrawCollectionViewController.swift; sourceTree = "<group>"; };
/* End PBXFileReference section */

/* Begin PBXFrameworksBuildPhase section */
		88B0775E2BF1804C002142BC /* Frameworks */ = {
			isa = PBXFrameworksBuildPhase;
			buildActionMask = 2147483647;
			files = (
				886DD2AD2BF187A8000F4D7E /* Kingfisher in Frameworks */,
				886DD2A42BF18759000F4D7E /* Moya in Frameworks */,
				886DD2AA2BF18777000F4D7E /* Then in Frameworks */,
				886DD2A72BF1876B000F4D7E /* SnapKit in Frameworks */,
			);
			runOnlyForDeploymentPostprocessing = 0;
		};
/* End PBXFrameworksBuildPhase section */

/* Begin PBXGroup section */
		5C869EB02BFF8606007D9521 /* Model */ = {
			isa = PBXGroup;
			children = (
				5C869EB32BFF86CD007D9521 /* InfoModel.swift */,
				5C71641E2C06498600AE62C1 /* Product.swift */,
			);
			path = Model;
			sourceTree = "<group>";
		};
		883A6FE72BFE0DF90079D47E /* Reference */ = {
			isa = PBXGroup;
			children = (
				883A6FE82BFE0E030079D47E /* SomeView.swift */,
				883A6FEA2BFE0E280079D47E /* SomeViewController.swift */,
				883A6FF02BFE31880079D47E /* PreviewController.swift */,
			);
			path = Reference;
			sourceTree = "<group>";
		};
		885F96972BF1B965003FAF2E /* Font */ = {
			isa = PBXGroup;
			children = (
				885F96982BF1B97D003FAF2E /* AppleSDGothicNeo.swift */,
			);
			path = Font;
			sourceTree = "<group>";
		};
		885F969A2BF1C23C003FAF2E /* TabBar */ = {
			isa = PBXGroup;
			children = (
				885F96AD2BF1D270003FAF2E /* Model */,
				885F96AB2BF1C597003FAF2E /* AppTabBarController.swift */,
			);
			path = TabBar;
			sourceTree = "<group>";
		};
		885F969B2BF1C265003FAF2E /* ReleaseInfoPage */ = {
			isa = PBXGroup;
			children = (
				9E9826AC2BFF7BB50063CE8B /* Model */,
				885F96A12BF1C333003FAF2E /* ViewController */,
				885F96A02BF1C32D003FAF2E /* Views */,
				885F969F2BF1C31D003FAF2E /* Cells */,
			);
			path = ReleaseInfoPage;
			sourceTree = "<group>";
		};
		885F969C2BF1C2E6003FAF2E /* RecommendationPage */ = {
			isa = PBXGroup;
			children = (
				885F96A22BF1C33A003FAF2E /* ViewController */,
				885F96A42BF1C345003FAF2E /* Views */,
				885F96A32BF1C33F003FAF2E /* Cells */,
			);
			path = RecommendationPage;
			sourceTree = "<group>";
		};
		885F969D2BF1C2F5003FAF2E /* SearchPage */ = {
			isa = PBXGroup;
			children = (
				885F96A72BF1C355003FAF2E /* ViewController */,
				885F96A62BF1C351003FAF2E /* Views */,
				885F96A52BF1C34C003FAF2E /* Cells */,
			);
			path = SearchPage;
			sourceTree = "<group>";
		};
		885F969E2BF1C302003FAF2E /* DetailInfoPage */ = {
			isa = PBXGroup;
			children = (
				5C869EB02BFF8606007D9521 /* Model */,
				885F96AA2BF1C364003FAF2E /* ViewController */,
				885F96A92BF1C360003FAF2E /* Views */,
				885F96A82BF1C35B003FAF2E /* Cells */,
			);
			path = DetailInfoPage;
			sourceTree = "<group>";
		};
		885F969F2BF1C31D003FAF2E /* Cells */ = {
			isa = PBXGroup;
			children = (
				9E9826AA2BFF78610063CE8B /* ReleaseCollectionViewCell.swift */,
				9E9826CB2C00BDA90063CE8B /* LuckyDrawCollectionViewCell.swift */,
			);
			path = Cells;
			sourceTree = "<group>";
		};
		885F96A02BF1C32D003FAF2E /* Views */ = {
			isa = PBXGroup;
			children = (
				9E3FBA7A2BFBD7700085B6F1 /* CustomNavigationView.swift */,
				9E9826A62BFED6DD0063CE8B /* CenterChipScrollView.swift */,
				9E9826BB2C009F370063CE8B /* TabView.swift */,
				9E9826BD2C00A0090063CE8B /* ScrollFitable.swift */,
				9E9826C52C00ABDE0063CE8B /* AnotherScrollView.swift */,
			);
			path = Views;
			sourceTree = "<group>";
		};
		885F96A12BF1C333003FAF2E /* ViewController */ = {
			isa = PBXGroup;
			children = (
				9E3FBA762BFBBE5F0085B6F1 /* ReleaseInfoPageViewController.swift */,
				9E9826A82BFF77EA0063CE8B /* ReleaseCollectionViewController.swift */,
				9E9826CD2C00BDE30063CE8B /* LuckyDrawCollectionViewController.swift */,
			);
			path = ViewController;
			sourceTree = "<group>";
		};
		885F96A22BF1C33A003FAF2E /* ViewController */ = {
			isa = PBXGroup;
			children = (
				88E13A412C00C80700C4D12A /* RecommendationViewController.swift */,
			);
			path = ViewController;
			sourceTree = "<group>";
		};
		885F96A32BF1C33F003FAF2E /* Cells */ = {
			isa = PBXGroup;
			children = (
				88E13A392C00BEF500C4D12A /* ItemCircleInfoCollectionViewCell.swift */,
				88E13A3D2C00C46200C4D12A /* CardInfoCollectionViewCell.swift */,
			);
			path = Cells;
			sourceTree = "<group>";
		};
		885F96A42BF1C345003FAF2E /* Views */ = {
			isa = PBXGroup;
			children = (
				88E13A352C00A7AC00C4D12A /* JustDroppedView.swift */,
				88E13A372C00B20400C4D12A /* ForYouView.swift */,
				88E13A3B2C00C10D00C4D12A /* ItemCircleInfoView.swift */,
				88E13A3F2C00C4FF00C4D12A /* CardInfoCollectionView.swift */,
			);
			path = Views;
			sourceTree = "<group>";
		};
		885F96A52BF1C34C003FAF2E /* Cells */ = {
			isa = PBXGroup;
			children = (
				883A6FFA2BFE702B0079D47E /* SearchRelatedCollectionViewCell.swift */,
			);
			path = Cells;
			sourceTree = "<group>";
		};
		885F96A62BF1C351003FAF2E /* Views */ = {
			isa = PBXGroup;
			children = (
				883A6FEC2BFE0E5F0079D47E /* SearchSegmentControlView.swift */,
				883A6FF22BFE39B90079D47E /* SearchFilterTabsView.swift */,
				883A6FF42BFE563B0079D47E /* SearchResultListView.swift */,
				883A6FF82BFE6EB40079D47E /* SearchRelatedListView.swift */,
				883A6FFC2BFE797F0079D47E /* TopSearchBarView.swift */,
				883A6FFE2BFE7E360079D47E /* SearchResultHeaderView.swift */,
			);
			path = Views;
			sourceTree = "<group>";
		};
		885F96A72BF1C355003FAF2E /* ViewController */ = {
			isa = PBXGroup;
			children = (
				883A70002BFE8AC10079D47E /* SearchResultViewController.swift */,
			);
			path = ViewController;
			sourceTree = "<group>";
		};
		885F96A82BF1C35B003FAF2E /* Cells */ = {
			isa = PBXGroup;
			children = (
				5C869EC12C007CB6007D9521 /* ProductImageCell.swift */,
			);
			path = Cells;
			sourceTree = "<group>";
		};
		885F96A92BF1C360003FAF2E /* Views */ = {
			isa = PBXGroup;
			children = (
				5C78FBC42BFBB6FD00E8499C /* ItemInfoStickyView.swift */,
				5C869EAC2BFE6E01007D9521 /* InfoTabBarView.swift */,
				5C869EB52BFFAB50007D9521 /* ItemDataStackViewCell.swift */,
				5C869EAE2BFF4750007D9521 /* GoodsInfoView.swift */,
				5C869EB72BFFF149007D9521 /* ProductBenefitView.swift */,
				5C869EB92C005A70007D9521 /* DeliveryInfoView.swift */,
				5C869EBB2C007471007D9521 /* ProductImageView.swift */,
				5C869EBD2C007B61007D9521 /* StyleCollectionView.swift */,
				5C869EC32C00A247007D9521 /* StyleTopView.swift */,
				5C869ECE2C022C56007D9521 /* MoreStyleView.swift */,
			);
			path = Views;
			sourceTree = "<group>";
		};
		885F96AA2BF1C364003FAF2E /* ViewController */ = {
			isa = PBXGroup;
			children = (
				5C869EBF2C007C84007D9521 /* ViewController.swift */,
				5C869EC72C00B775007D9521 /* ForthViewController.swift */,
			);
			path = ViewController;
			sourceTree = "<group>";
		};
		885F96AD2BF1D270003FAF2E /* Model */ = {
			isa = PBXGroup;
			children = (
				885F96AE2BF1D27A003FAF2E /* AppTab.swift */,
			);
			path = Model;
			sourceTree = "<group>";
		};
		886DD2B42BF19675000F4D7E /* Frameworks */ = {
			isa = PBXGroup;
			children = (
			);
			name = Frameworks;
			sourceTree = "<group>";
		};
		88B077582BF1804C002142BC = {
			isa = PBXGroup;
			children = (
				886DD2AF2BF189D8000F4D7E /* .swiftlint.yml */,
				88B077632BF1804C002142BC /* KREAM */,
				88B077622BF1804C002142BC /* Products */,
				886DD2B42BF19675000F4D7E /* Frameworks */,
			);
			sourceTree = "<group>";
		};
		88B077622BF1804C002142BC /* Products */ = {
			isa = PBXGroup;
			children = (
				88B077612BF1804C002142BC /* KREAM.app */,
			);
			name = Products;
			sourceTree = "<group>";
		};
		88B077632BF1804C002142BC /* KREAM */ = {
			isa = PBXGroup;
			children = (
				88B077782BF183EA002142BC /* Application */,
				88B077792BF18547002142BC /* Global */,
				88B0777B2BF1855A002142BC /* Network */,
				88B0777A2BF1854D002142BC /* Presentation */,
			);
			path = KREAM;
			sourceTree = "<group>";
		};
		88B077782BF183EA002142BC /* Application */ = {
			isa = PBXGroup;
			children = (
				88B077642BF1804C002142BC /* AppDelegate.swift */,
				88B077662BF1804C002142BC /* SceneDelegate.swift */,
				88B077722BF1804E002142BC /* Info.plist */,
			);
			path = Application;
			sourceTree = "<group>";
		};
		88B077792BF18547002142BC /* Global */ = {
			isa = PBXGroup;
			children = (
				88FA87022BFBB31D002F3891 /* Protocols */,
				88B077802BF185AA002142BC /* Extension */,
				88B077822BF185C1002142BC /* Utility */,
				88B077812BF185B1002142BC /* Resources */,
			);
			path = Global;
			sourceTree = "<group>";
		};
		88B0777A2BF1854D002142BC /* Presentation */ = {
			isa = PBXGroup;
			children = (
				88FA86FC2BFBAB1B002F3891 /* Components */,
				885F969B2BF1C265003FAF2E /* ReleaseInfoPage */,
				885F969C2BF1C2E6003FAF2E /* RecommendationPage */,
				885F969D2BF1C2F5003FAF2E /* SearchPage */,
				885F969E2BF1C302003FAF2E /* DetailInfoPage */,
				885F969A2BF1C23C003FAF2E /* TabBar */,
				88B0776F2BF1804E002142BC /* LaunchScreen.storyboard */,
			);
			path = Presentation;
			sourceTree = "<group>";
		};
		88B0777B2BF1855A002142BC /* Network */ = {
			isa = PBXGroup;
			children = (
				88B0777C2BF1857A002142BC /* DTO */,
				88B0777F2BF1858E002142BC /* Foundation */,
				88B0777E2BF18588002142BC /* Router */,
				88B0777D2BF18582002142BC /* Service */,
			);
			path = Network;
			sourceTree = "<group>";
		};
		88B0777C2BF1857A002142BC /* DTO */ = {
			isa = PBXGroup;
			children = (
				9E3FBA652BFBAB1B0085B6F1 /* RequestDTO */,
				9E3FBA642BFBAAF90085B6F1 /* ResponseDTO */,
			);
			path = DTO;
			sourceTree = "<group>";
		};
		88B0777D2BF18582002142BC /* Service */ = {
			isa = PBXGroup;
			children = (
				884799522BFFCB2A00CFFA42 /* APIService.swift */,
			);
			path = Service;
			sourceTree = "<group>";
		};
		88B0777E2BF18588002142BC /* Router */ = {
			isa = PBXGroup;
			children = (
				884799542BFFD25900CFFA42 /* KreamTargetType.swift */,
			);
			path = Router;
			sourceTree = "<group>";
		};
		88B0777F2BF1858E002142BC /* Foundation */ = {
			isa = PBXGroup;
			children = (
				9E3FBA5B2BFBA6240085B6F1 /* NetworkResult.swift */,
				9E3FBA5D2BFBA6AB0085B6F1 /* MoyaLoggingPlugin.swift */,
				9E3FBA5F2BFBA71F0085B6F1 /* BaseTargetType.swift */,
				9E3FBA612BFBA7BA0085B6F1 /* Config.swift */,
			);
			path = Foundation;
			sourceTree = "<group>";
		};
		88B077802BF185AA002142BC /* Extension */ = {
			isa = PBXGroup;
			children = (
				886DD2B82BF198EE000F4D7E /* String+.swift */,
				9E3FBA782BFBD6BC0085B6F1 /* UITextField+.swift */,
				9E3FBA7C2BFBDB0B0085B6F1 /* UIView+.swift */,
				88FA870C2BFD06A2002F3891 /* UIFont+.swift */,
				88FA870E2BFD06B2002F3891 /* UIImage+.swift */,
			);
			path = Extension;
			sourceTree = "<group>";
		};
		88B077812BF185B1002142BC /* Resources */ = {
			isa = PBXGroup;
			children = (
				885F96972BF1B965003FAF2E /* Font */,
				88B0776D2BF1804E002142BC /* Assets.xcassets */,
			);
			path = Resources;
			sourceTree = "<group>";
		};
		88B077822BF185C1002142BC /* Utility */ = {
			isa = PBXGroup;
			children = (
				883A6FEE2BFE137A0079D47E /* Divider.swift */,
			);
			path = Utility;
			sourceTree = "<group>";
		};
		88FA86FC2BFBAB1B002F3891 /* Components */ = {
			isa = PBXGroup;
			children = (
				883A6FE72BFE0DF90079D47E /* Reference */,
				88FA86FD2BFBAB23002F3891 /* ItemInfoDetailCollectionViewCell  */,
			);
			path = Components;
			sourceTree = "<group>";
		};
		88FA86FD2BFBAB23002F3891 /* ItemInfoDetailCollectionViewCell  */ = {
			isa = PBXGroup;
			children = (
				88FA87072BFBB3F1002F3891 /* Model */,
				88FA87062BFBB3EC002F3891 /* View */,
				88FA87052BFBB3E1002F3891 /* ViewController */,
			);
			path = "ItemInfoDetailCollectionViewCell ";
			sourceTree = "<group>";
		};
		88FA87022BFBB31D002F3891 /* Protocols */ = {
			isa = PBXGroup;
			children = (
				88FA87032BFBB32C002F3891 /* ComponentType.swift */,
			);
			path = Protocols;
			sourceTree = "<group>";
		};
		88FA87052BFBB3E1002F3891 /* ViewController */ = {
			isa = PBXGroup;
			children = (
				88FA87102BFD07DF002F3891 /* testViewController.swift */,
			);
			path = ViewController;
			sourceTree = "<group>";
		};
		88FA87062BFBB3EC002F3891 /* View */ = {
			isa = PBXGroup;
			children = (
				88FA87002BFBB2E2002F3891 /* ItemDetailCollectionViewCell.swift */,
			);
			path = View;
			sourceTree = "<group>";
		};
		88FA87072BFBB3F1002F3891 /* Model */ = {
			isa = PBXGroup;
			children = (
				88FA86FE2BFBACAF002F3891 /* ItemDetail.swift */,
				88FA87082BFBE475002F3891 /* ItemType.swift */,
			);
			path = Model;
			sourceTree = "<group>";
		};
		9E3FBA642BFBAAF90085B6F1 /* ResponseDTO */ = {
			isa = PBXGroup;
			children = (
				9E3FBA662BFBADC00085B6F1 /* ProductResponseDTO.swift */,
				9E3FBA682BFBAE270085B6F1 /* DetailProductResponseDTO.swift */,
				9E3FBA6A2BFBAE940085B6F1 /* ReleaseProductResponseDTO.swift */,
				9E3FBA6C2BFBAF400085B6F1 /* RecommendProductResponseDTO.swift */,
				9E3FBA6E2BFBB09A0085B6F1 /* ScrapResponseDTO.swift */,
			);
			path = ResponseDTO;
			sourceTree = "<group>";
		};
		9E3FBA652BFBAB1B0085B6F1 /* RequestDTO */ = {
			isa = PBXGroup;
			children = (
				9E3FBA702BFBB10E0085B6F1 /* ScrapRequestBody.swift */,
			);
			path = RequestDTO;
			sourceTree = "<group>";
		};
		9E9826AC2BFF7BB50063CE8B /* Model */ = {
			isa = PBXGroup;
			children = (
				9E9826AD2BFF7BBF0063CE8B /* ItemModel.swift */,
			);
			path = Model;
			sourceTree = "<group>";
		};
/* End PBXGroup section */

/* Begin PBXNativeTarget section */
		88B077602BF1804C002142BC /* KREAM */ = {
			isa = PBXNativeTarget;
			buildConfigurationList = 88B077752BF1804E002142BC /* Build configuration list for PBXNativeTarget "KREAM" */;
			buildPhases = (
				88B0775D2BF1804C002142BC /* Sources */,
				88B0775E2BF1804C002142BC /* Frameworks */,
				88B0775F2BF1804C002142BC /* Resources */,
				886DD2B72BF196EC000F4D7E /* Run Script */,
			);
			buildRules = (
			);
			dependencies = (
			);
			name = KREAM;
			packageProductDependencies = (
				886DD2A32BF18759000F4D7E /* Moya */,
				886DD2A62BF1876B000F4D7E /* SnapKit */,
				886DD2A92BF18777000F4D7E /* Then */,
				886DD2AC2BF187A8000F4D7E /* Kingfisher */,
			);
			productName = KREAM;
			productReference = 88B077612BF1804C002142BC /* KREAM.app */;
			productType = "com.apple.product-type.application";
		};
/* End PBXNativeTarget section */

/* Begin PBXProject section */
		88B077592BF1804C002142BC /* Project object */ = {
			isa = PBXProject;
			attributes = {
				BuildIndependentTargetsInParallel = 1;
				LastSwiftUpdateCheck = 1530;
				LastUpgradeCheck = 1530;
				TargetAttributes = {
					88B077602BF1804C002142BC = {
						CreatedOnToolsVersion = 15.3;
					};
				};
			};
			buildConfigurationList = 88B0775C2BF1804C002142BC /* Build configuration list for PBXProject "KREAM" */;
			compatibilityVersion = "Xcode 14.0";
			developmentRegion = en;
			hasScannedForEncodings = 0;
			knownRegions = (
				en,
				Base,
			);
			mainGroup = 88B077582BF1804C002142BC;
			packageReferences = (
				886DD2A22BF18759000F4D7E /* XCRemoteSwiftPackageReference "Moya" */,
				886DD2A52BF1876B000F4D7E /* XCRemoteSwiftPackageReference "SnapKit" */,
				886DD2A82BF18777000F4D7E /* XCRemoteSwiftPackageReference "Then" */,
				886DD2AB2BF187A8000F4D7E /* XCRemoteSwiftPackageReference "Kingfisher" */,
			);
			productRefGroup = 88B077622BF1804C002142BC /* Products */;
			projectDirPath = "";
			projectRoot = "";
			targets = (
				88B077602BF1804C002142BC /* KREAM */,
			);
		};
/* End PBXProject section */

/* Begin PBXResourcesBuildPhase section */
		88B0775F2BF1804C002142BC /* Resources */ = {
			isa = PBXResourcesBuildPhase;
			buildActionMask = 2147483647;
			files = (
				886DD2B02BF189D8000F4D7E /* .swiftlint.yml in Resources */,
				88B0776E2BF1804E002142BC /* Assets.xcassets in Resources */,
				88B077712BF1804E002142BC /* Base in Resources */,
			);
			runOnlyForDeploymentPostprocessing = 0;
		};
/* End PBXResourcesBuildPhase section */

/* Begin PBXShellScriptBuildPhase section */
		886DD2B72BF196EC000F4D7E /* Run Script */ = {
			isa = PBXShellScriptBuildPhase;
			buildActionMask = 2147483647;
			files = (
			);
			inputFileListPaths = (
			);
			inputPaths = (
			);
			name = "Run Script";
			outputFileListPaths = (
			);
			outputPaths = (
			);
			runOnlyForDeploymentPostprocessing = 0;
			shellPath = /bin/sh;
			shellScript = "if [[ \"$(uname -m)\" == arm64 ]]; then\n    export PATH=\"/opt/homebrew/bin:$PATH\"\nfi\n\nif which swiftlint > /dev/null; then\n  swiftlint\nelse\n  echo \"warning: SwiftLint not installed, download from https://github.com/realm/SwiftLint\"\nfi\n";
		};
/* End PBXShellScriptBuildPhase section */

/* Begin PBXSourcesBuildPhase section */
		88B0775D2BF1804C002142BC /* Sources */ = {
			isa = PBXSourcesBuildPhase;
			buildActionMask = 2147483647;
			files = (
				9E9826BC2C009F370063CE8B /* TabView.swift in Sources */,
				5C869EB62BFFAB50007D9521 /* ItemDataStackViewCell.swift in Sources */,
				9E3FBA672BFBADC00085B6F1 /* ProductResponseDTO.swift in Sources */,
				88FA870D2BFD06A2002F3891 /* UIFont+.swift in Sources */,
				88FA86FF2BFBACAF002F3891 /* ItemDetail.swift in Sources */,
				883A6FEF2BFE137A0079D47E /* Divider.swift in Sources */,
				886DD2B92BF198EE000F4D7E /* String+.swift in Sources */,
				88FA87092BFBE475002F3891 /* ItemType.swift in Sources */,
				9E9826CE2C00BDE30063CE8B /* LuckyDrawCollectionViewController.swift in Sources */,
				88B077652BF1804C002142BC /* AppDelegate.swift in Sources */,
				9E9826C62C00ABDE0063CE8B /* AnotherScrollView.swift in Sources */,
				9E3FBA692BFBAE270085B6F1 /* DetailProductResponseDTO.swift in Sources */,
				9E3FBA602BFBA71F0085B6F1 /* BaseTargetType.swift in Sources */,
				9E9826BE2C00A0090063CE8B /* ScrollFitable.swift in Sources */,
				885F96AC2BF1C597003FAF2E /* AppTabBarController.swift in Sources */,
				5C869EC42C00A247007D9521 /* StyleTopView.swift in Sources */,
				5C869EAF2BFF4750007D9521 /* GoodsInfoView.swift in Sources */,
				5C869EB42BFF86CD007D9521 /* InfoModel.swift in Sources */,
				5C869EAD2BFE6E01007D9521 /* InfoTabBarView.swift in Sources */,
				88B077672BF1804C002142BC /* SceneDelegate.swift in Sources */,
				884799552BFFD25900CFFA42 /* KreamTargetType.swift in Sources */,
				9E3FBA7B2BFBD7700085B6F1 /* CustomNavigationView.swift in Sources */,
				883A6FED2BFE0E5F0079D47E /* SearchSegmentControlView.swift in Sources */,
				5C869EBE2C007B61007D9521 /* StyleCollectionView.swift in Sources */,
				884799532BFFCB2A00CFFA42 /* APIService.swift in Sources */,
				885F96992BF1B97D003FAF2E /* AppleSDGothicNeo.swift in Sources */,
				9E3FBA7D2BFBDB0B0085B6F1 /* UIView+.swift in Sources */,
				9E9826AB2BFF78610063CE8B /* ReleaseCollectionViewCell.swift in Sources */,
				88FA87042BFBB32C002F3891 /* ComponentType.swift in Sources */,
				88FA870F2BFD06B2002F3891 /* UIImage+.swift in Sources */,
				88FA87112BFD07DF002F3891 /* testViewController.swift in Sources */,
				5C869EBC2C007471007D9521 /* ProductImageView.swift in Sources */,
				9E9826A72BFED6DD0063CE8B /* CenterChipScrollView.swift in Sources */,
				885F96AF2BF1D27A003FAF2E /* AppTab.swift in Sources */,
				5C78FBC52BFBB6FD00E8499C /* ItemInfoStickyView.swift in Sources */,
				88E13A3E2C00C46200C4D12A /* CardInfoCollectionViewCell.swift in Sources */,
				883A6FF92BFE6EB40079D47E /* SearchRelatedListView.swift in Sources */,
				883A6FFD2BFE797F0079D47E /* TopSearchBarView.swift in Sources */,
				883A70012BFE8AC10079D47E /* SearchResultViewController.swift in Sources */,
				9E9826CC2C00BDA90063CE8B /* LuckyDrawCollectionViewCell.swift in Sources */,
				883A6FEB2BFE0E280079D47E /* SomeViewController.swift in Sources */,
				9E9826AE2BFF7BBF0063CE8B /* ItemModel.swift in Sources */,
				5C869EC82C00B775007D9521 /* ForthViewController.swift in Sources */,
				9E3FBA712BFBB10E0085B6F1 /* ScrapRequestBody.swift in Sources */,
				9E3FBA792BFBD6BC0085B6F1 /* UITextField+.swift in Sources */,
				883A6FFF2BFE7E360079D47E /* SearchResultHeaderView.swift in Sources */,
				88E13A362C00A7AC00C4D12A /* JustDroppedView.swift in Sources */,
				9E3FBA6F2BFBB09A0085B6F1 /* ScrapResponseDTO.swift in Sources */,
				883A6FFB2BFE702B0079D47E /* SearchRelatedCollectionViewCell.swift in Sources */,
				9E3FBA622BFBA7BA0085B6F1 /* Config.swift in Sources */,
				5C869EB82BFFF149007D9521 /* ProductBenefitView.swift in Sources */,
				883A6FF12BFE31880079D47E /* PreviewController.swift in Sources */,
				883A6FE92BFE0E030079D47E /* SomeView.swift in Sources */,
				9E3FBA772BFBBE5F0085B6F1 /* ReleaseInfoPageViewController.swift in Sources */,
				5C869EC02C007C84007D9521 /* ViewController.swift in Sources */,
				9E3FBA5E2BFBA6AB0085B6F1 /* MoyaLoggingPlugin.swift in Sources */,
				9E9826A92BFF77EA0063CE8B /* ReleaseCollectionViewController.swift in Sources */,
				5C869EBA2C005A70007D9521 /* DeliveryInfoView.swift in Sources */,
				9E3FBA6B2BFBAE940085B6F1 /* ReleaseProductResponseDTO.swift in Sources */,
				88E13A382C00B20400C4D12A /* ForYouView.swift in Sources */,
				88E13A402C00C4FF00C4D12A /* CardInfoCollectionView.swift in Sources */,
				9E3FBA5C2BFBA6240085B6F1 /* NetworkResult.swift in Sources */,
				88E13A3A2C00BEF500C4D12A /* ItemCircleInfoCollectionViewCell.swift in Sources */,
				88E13A422C00C80700C4D12A /* RecommendationViewController.swift in Sources */,
				88E13A3C2C00C10D00C4D12A /* ItemCircleInfoView.swift in Sources */,
				5C71641F2C06498600AE62C1 /* Product.swift in Sources */,
				5C869ECF2C022C56007D9521 /* MoreStyleView.swift in Sources */,
				9E3FBA6D2BFBAF400085B6F1 /* RecommendProductResponseDTO.swift in Sources */,
				883A6FF32BFE39B90079D47E /* SearchFilterTabsView.swift in Sources */,
				88FA87012BFBB2E2002F3891 /* ItemDetailCollectionViewCell.swift in Sources */,
				883A6FF52BFE563B0079D47E /* SearchResultListView.swift in Sources */,
				5C869EC22C007CB6007D9521 /* ProductImageCell.swift in Sources */,
			);
			runOnlyForDeploymentPostprocessing = 0;
		};
/* End PBXSourcesBuildPhase section */

/* Begin PBXVariantGroup section */
		88B0776F2BF1804E002142BC /* LaunchScreen.storyboard */ = {
			isa = PBXVariantGroup;
			children = (
				88B077702BF1804E002142BC /* Base */,
			);
			name = LaunchScreen.storyboard;
			sourceTree = "<group>";
		};
/* End PBXVariantGroup section */

/* Begin XCBuildConfiguration section */
		88B077732BF1804E002142BC /* Debug */ = {
			isa = XCBuildConfiguration;
			buildSettings = {
				ALWAYS_SEARCH_USER_PATHS = NO;
				ASSETCATALOG_COMPILER_GENERATE_SWIFT_ASSET_SYMBOL_EXTENSIONS = YES;
				BASE_URL = "http://13.54.157.89";
				CLANG_ANALYZER_NONNULL = YES;
				CLANG_ANALYZER_NUMBER_OBJECT_CONVERSION = YES_AGGRESSIVE;
				CLANG_CXX_LANGUAGE_STANDARD = "gnu++20";
				CLANG_ENABLE_MODULES = YES;
				CLANG_ENABLE_OBJC_ARC = YES;
				CLANG_ENABLE_OBJC_WEAK = YES;
				CLANG_WARN_BLOCK_CAPTURE_AUTORELEASING = YES;
				CLANG_WARN_BOOL_CONVERSION = YES;
				CLANG_WARN_COMMA = YES;
				CLANG_WARN_CONSTANT_CONVERSION = YES;
				CLANG_WARN_DEPRECATED_OBJC_IMPLEMENTATIONS = YES;
				CLANG_WARN_DIRECT_OBJC_ISA_USAGE = YES_ERROR;
				CLANG_WARN_DOCUMENTATION_COMMENTS = YES;
				CLANG_WARN_EMPTY_BODY = YES;
				CLANG_WARN_ENUM_CONVERSION = YES;
				CLANG_WARN_INFINITE_RECURSION = YES;
				CLANG_WARN_INT_CONVERSION = YES;
				CLANG_WARN_NON_LITERAL_NULL_CONVERSION = YES;
				CLANG_WARN_OBJC_IMPLICIT_RETAIN_SELF = YES;
				CLANG_WARN_OBJC_LITERAL_CONVERSION = YES;
				CLANG_WARN_OBJC_ROOT_CLASS = YES_ERROR;
				CLANG_WARN_QUOTED_INCLUDE_IN_FRAMEWORK_HEADER = YES;
				CLANG_WARN_RANGE_LOOP_ANALYSIS = YES;
				CLANG_WARN_STRICT_PROTOTYPES = YES;
				CLANG_WARN_SUSPICIOUS_MOVE = YES;
				CLANG_WARN_UNGUARDED_AVAILABILITY = YES_AGGRESSIVE;
				CLANG_WARN_UNREACHABLE_CODE = YES;
				CLANG_WARN__DUPLICATE_METHOD_MATCH = YES;
				COPY_PHASE_STRIP = NO;
				DEBUG_INFORMATION_FORMAT = dwarf;
				ENABLE_STRICT_OBJC_MSGSEND = YES;
				ENABLE_TESTABILITY = YES;
				ENABLE_USER_SCRIPT_SANDBOXING = YES;
				GCC_C_LANGUAGE_STANDARD = gnu17;
				GCC_DYNAMIC_NO_PIC = NO;
				GCC_NO_COMMON_BLOCKS = YES;
				GCC_OPTIMIZATION_LEVEL = 0;
				GCC_PREPROCESSOR_DEFINITIONS = (
					"DEBUG=1",
					"$(inherited)",
				);
				GCC_WARN_64_TO_32_BIT_CONVERSION = YES;
				GCC_WARN_ABOUT_RETURN_TYPE = YES_ERROR;
				GCC_WARN_UNDECLARED_SELECTOR = YES;
				GCC_WARN_UNINITIALIZED_AUTOS = YES_AGGRESSIVE;
				GCC_WARN_UNUSED_FUNCTION = YES;
				GCC_WARN_UNUSED_VARIABLE = YES;
				IPHONEOS_DEPLOYMENT_TARGET = 17.4;
				LOCALIZATION_PREFERS_STRING_CATALOGS = YES;
				MTL_ENABLE_DEBUG_INFO = INCLUDE_SOURCE;
				MTL_FAST_MATH = YES;
				ONLY_ACTIVE_ARCH = YES;
				SDKROOT = iphoneos;
				SWIFT_ACTIVE_COMPILATION_CONDITIONS = "DEBUG $(inherited)";
				SWIFT_OPTIMIZATION_LEVEL = "-Onone";
			};
			name = Debug;
		};
		88B077742BF1804E002142BC /* Release */ = {
			isa = XCBuildConfiguration;
			buildSettings = {
				ALWAYS_SEARCH_USER_PATHS = NO;
				ASSETCATALOG_COMPILER_GENERATE_SWIFT_ASSET_SYMBOL_EXTENSIONS = YES;
				BASE_URL = "http://13.54.157.89";
				CLANG_ANALYZER_NONNULL = YES;
				CLANG_ANALYZER_NUMBER_OBJECT_CONVERSION = YES_AGGRESSIVE;
				CLANG_CXX_LANGUAGE_STANDARD = "gnu++20";
				CLANG_ENABLE_MODULES = YES;
				CLANG_ENABLE_OBJC_ARC = YES;
				CLANG_ENABLE_OBJC_WEAK = YES;
				CLANG_WARN_BLOCK_CAPTURE_AUTORELEASING = YES;
				CLANG_WARN_BOOL_CONVERSION = YES;
				CLANG_WARN_COMMA = YES;
				CLANG_WARN_CONSTANT_CONVERSION = YES;
				CLANG_WARN_DEPRECATED_OBJC_IMPLEMENTATIONS = YES;
				CLANG_WARN_DIRECT_OBJC_ISA_USAGE = YES_ERROR;
				CLANG_WARN_DOCUMENTATION_COMMENTS = YES;
				CLANG_WARN_EMPTY_BODY = YES;
				CLANG_WARN_ENUM_CONVERSION = YES;
				CLANG_WARN_INFINITE_RECURSION = YES;
				CLANG_WARN_INT_CONVERSION = YES;
				CLANG_WARN_NON_LITERAL_NULL_CONVERSION = YES;
				CLANG_WARN_OBJC_IMPLICIT_RETAIN_SELF = YES;
				CLANG_WARN_OBJC_LITERAL_CONVERSION = YES;
				CLANG_WARN_OBJC_ROOT_CLASS = YES_ERROR;
				CLANG_WARN_QUOTED_INCLUDE_IN_FRAMEWORK_HEADER = YES;
				CLANG_WARN_RANGE_LOOP_ANALYSIS = YES;
				CLANG_WARN_STRICT_PROTOTYPES = YES;
				CLANG_WARN_SUSPICIOUS_MOVE = YES;
				CLANG_WARN_UNGUARDED_AVAILABILITY = YES_AGGRESSIVE;
				CLANG_WARN_UNREACHABLE_CODE = YES;
				CLANG_WARN__DUPLICATE_METHOD_MATCH = YES;
				COPY_PHASE_STRIP = NO;
				DEBUG_INFORMATION_FORMAT = "dwarf-with-dsym";
				ENABLE_NS_ASSERTIONS = NO;
				ENABLE_STRICT_OBJC_MSGSEND = YES;
				ENABLE_USER_SCRIPT_SANDBOXING = YES;
				GCC_C_LANGUAGE_STANDARD = gnu17;
				GCC_NO_COMMON_BLOCKS = YES;
				GCC_WARN_64_TO_32_BIT_CONVERSION = YES;
				GCC_WARN_ABOUT_RETURN_TYPE = YES_ERROR;
				GCC_WARN_UNDECLARED_SELECTOR = YES;
				GCC_WARN_UNINITIALIZED_AUTOS = YES_AGGRESSIVE;
				GCC_WARN_UNUSED_FUNCTION = YES;
				GCC_WARN_UNUSED_VARIABLE = YES;
				IPHONEOS_DEPLOYMENT_TARGET = 17.4;
				LOCALIZATION_PREFERS_STRING_CATALOGS = YES;
				MTL_ENABLE_DEBUG_INFO = NO;
				MTL_FAST_MATH = YES;
				SDKROOT = iphoneos;
				SWIFT_COMPILATION_MODE = wholemodule;
				VALIDATE_PRODUCT = YES;
			};
			name = Release;
		};
		88B077762BF1804E002142BC /* Debug */ = {
			isa = XCBuildConfiguration;
			buildSettings = {
				ASSETCATALOG_COMPILER_APPICON_NAME = AppIcon;
				ASSETCATALOG_COMPILER_GLOBAL_ACCENT_COLOR_NAME = AccentColor;
				CODE_SIGN_STYLE = Automatic;
				CURRENT_PROJECT_VERSION = 11;
				DEVELOPMENT_TEAM = A95XXD5WT7;
				ENABLE_USER_SCRIPT_SANDBOXING = NO;
				GENERATE_INFOPLIST_FILE = YES;
				INFOPLIST_FILE = KREAM/Application/Info.plist;
				INFOPLIST_KEY_UIApplicationSupportsIndirectInputEvents = YES;
				INFOPLIST_KEY_UILaunchStoryboardName = LaunchScreen;
				INFOPLIST_KEY_UIStatusBarStyle = "";
				INFOPLIST_KEY_UISupportedInterfaceOrientations = UIInterfaceOrientationPortrait;
				INFOPLIST_KEY_UIUserInterfaceStyle = Light;
				IPHONEOS_DEPLOYMENT_TARGET = 17.4;
				LD_RUNPATH_SEARCH_PATHS = (
					"$(inherited)",
					"@executable_path/Frameworks",
				);
				MARKETING_VERSION = 1.0;
				PRODUCT_BUNDLE_IDENTIFIER = com.Frank.KREAM;
				PRODUCT_NAME = "$(TARGET_NAME)";
				SUPPORTED_PLATFORMS = "iphoneos iphonesimulator";
				SUPPORTS_MACCATALYST = NO;
				SUPPORTS_MAC_DESIGNED_FOR_IPHONE_IPAD = NO;
				SUPPORTS_XR_DESIGNED_FOR_IPHONE_IPAD = NO;
				SWIFT_EMIT_LOC_STRINGS = YES;
				SWIFT_VERSION = 5.0;
				TARGETED_DEVICE_FAMILY = 1;
			};
			name = Debug;
		};
		88B077772BF1804E002142BC /* Release */ = {
			isa = XCBuildConfiguration;
			buildSettings = {
				ASSETCATALOG_COMPILER_APPICON_NAME = AppIcon;
				ASSETCATALOG_COMPILER_GLOBAL_ACCENT_COLOR_NAME = AccentColor;
				CODE_SIGN_STYLE = Automatic;
				CURRENT_PROJECT_VERSION = 11;
				DEVELOPMENT_TEAM = A95XXD5WT7;
				ENABLE_USER_SCRIPT_SANDBOXING = NO;
				GENERATE_INFOPLIST_FILE = YES;
				INFOPLIST_FILE = KREAM/Application/Info.plist;
				INFOPLIST_KEY_UIApplicationSupportsIndirectInputEvents = YES;
				INFOPLIST_KEY_UILaunchStoryboardName = LaunchScreen;
				INFOPLIST_KEY_UIStatusBarStyle = "";
				INFOPLIST_KEY_UISupportedInterfaceOrientations = UIInterfaceOrientationPortrait;
				INFOPLIST_KEY_UIUserInterfaceStyle = Light;
				IPHONEOS_DEPLOYMENT_TARGET = 17.4;
				LD_RUNPATH_SEARCH_PATHS = (
					"$(inherited)",
					"@executable_path/Frameworks",
				);
				MARKETING_VERSION = 1.0;
				PRODUCT_BUNDLE_IDENTIFIER = com.Frank.KREAM;
				PRODUCT_NAME = "$(TARGET_NAME)";
				SUPPORTED_PLATFORMS = "iphoneos iphonesimulator";
				SUPPORTS_MACCATALYST = NO;
				SUPPORTS_MAC_DESIGNED_FOR_IPHONE_IPAD = NO;
				SUPPORTS_XR_DESIGNED_FOR_IPHONE_IPAD = NO;
				SWIFT_EMIT_LOC_STRINGS = YES;
				SWIFT_VERSION = 5.0;
				TARGETED_DEVICE_FAMILY = 1;
			};
			name = Release;
		};
/* End XCBuildConfiguration section */

/* Begin XCConfigurationList section */
		88B0775C2BF1804C002142BC /* Build configuration list for PBXProject "KREAM" */ = {
			isa = XCConfigurationList;
			buildConfigurations = (
				88B077732BF1804E002142BC /* Debug */,
				88B077742BF1804E002142BC /* Release */,
			);
			defaultConfigurationIsVisible = 0;
			defaultConfigurationName = Release;
		};
		88B077752BF1804E002142BC /* Build configuration list for PBXNativeTarget "KREAM" */ = {
			isa = XCConfigurationList;
			buildConfigurations = (
				88B077762BF1804E002142BC /* Debug */,
				88B077772BF1804E002142BC /* Release */,
			);
			defaultConfigurationIsVisible = 0;
			defaultConfigurationName = Release;
		};
/* End XCConfigurationList section */

/* Begin XCRemoteSwiftPackageReference section */
		886DD2A22BF18759000F4D7E /* XCRemoteSwiftPackageReference "Moya" */ = {
			isa = XCRemoteSwiftPackageReference;
			repositoryURL = "https://github.com/Moya/Moya";
			requirement = {
				kind = upToNextMajorVersion;
				minimumVersion = 15.0.3;
			};
		};
		886DD2A52BF1876B000F4D7E /* XCRemoteSwiftPackageReference "SnapKit" */ = {
			isa = XCRemoteSwiftPackageReference;
			repositoryURL = "https://github.com/SnapKit/SnapKit.git";
			requirement = {
				kind = upToNextMajorVersion;
				minimumVersion = 5.7.1;
			};
		};
		886DD2A82BF18777000F4D7E /* XCRemoteSwiftPackageReference "Then" */ = {
			isa = XCRemoteSwiftPackageReference;
			repositoryURL = "https://github.com/devxoul/Then.git";
			requirement = {
				kind = upToNextMajorVersion;
				minimumVersion = 3.0.0;
			};
		};
		886DD2AB2BF187A8000F4D7E /* XCRemoteSwiftPackageReference "Kingfisher" */ = {
			isa = XCRemoteSwiftPackageReference;
			repositoryURL = "https://github.com/onevcat/Kingfisher.git";
			requirement = {
				kind = upToNextMajorVersion;
				minimumVersion = 7.11.0;
			};
		};
/* End XCRemoteSwiftPackageReference section */

/* Begin XCSwiftPackageProductDependency section */
		886DD2A32BF18759000F4D7E /* Moya */ = {
			isa = XCSwiftPackageProductDependency;
			package = 886DD2A22BF18759000F4D7E /* XCRemoteSwiftPackageReference "Moya" */;
			productName = Moya;
		};
		886DD2A62BF1876B000F4D7E /* SnapKit */ = {
			isa = XCSwiftPackageProductDependency;
			package = 886DD2A52BF1876B000F4D7E /* XCRemoteSwiftPackageReference "SnapKit" */;
			productName = SnapKit;
		};
		886DD2A92BF18777000F4D7E /* Then */ = {
			isa = XCSwiftPackageProductDependency;
			package = 886DD2A82BF18777000F4D7E /* XCRemoteSwiftPackageReference "Then" */;
			productName = Then;
		};
		886DD2AC2BF187A8000F4D7E /* Kingfisher */ = {
			isa = XCSwiftPackageProductDependency;
			package = 886DD2AB2BF187A8000F4D7E /* XCRemoteSwiftPackageReference "Kingfisher" */;
			productName = Kingfisher;
		};
/* End XCSwiftPackageProductDependency section */
	};
	rootObject = 88B077592BF1804C002142BC /* Project object */;
}
